lockfileVersion: '6.0'

settings:
  autoInstallPeers: true
  excludeLinksFromLockfile: false

dependencies:
  prompt-confirm:
    specifier: ^2.0.4
    version: 2.0.4

packages:

  /ansi-bgblack@0.1.1:
    resolution: {integrity: sha512-tp8M/NCmSr6/skdteeo9UgJ2G1rG88X3ZVNZWXUxFw4Wh0PAGaAAWQS61sfBt/1QNcwMTY3EBKOMPujwioJLaw==}
    engines: {node: '>=0.10.0'}
    dependencies:
      ansi-wrap: 0.1.0
    dev: false

  /ansi-bgblue@0.1.1:
    resolution: {integrity: sha512-R8JmX2Xv3+ichUQE99oL+LvjsyK+CDWo/BtVb4QUz3hOfmf2bdEmiDot3fQcpn2WAHW3toSRdjSLm6bgtWRDlA==}
    engines: {node: '>=0.10.0'}
    dependencies:
      ansi-wrap: 0.1.0
    dev: false

  /ansi-bgcyan@0.1.1:
    resolution: {integrity: sha512-6SByK9q2H978bmqzuzA5NPT1lRDXl3ODLz/DjC4URO5f/HqK7dnRKfoO/xQLx/makOz7zWIbRf6+Uf7bmaPSkQ==}
    engines: {node: '>=0.10.0'}
    dependencies:
      ansi-wrap: 0.1.0
    dev: false

  /ansi-bggreen@0.1.1:
    resolution: {integrity: sha512-8TRtOKmIPOuxjpklrkhUbqD2NnVb4WZQuIjXrT+TGKFKzl7NrL7wuNvEap3leMt2kQaCngIN1ZzazSbJNzF+Aw==}
    engines: {node: '>=0.10.0'}
    dependencies:
      ansi-wrap: 0.1.0
    dev: false

  /ansi-bgmagenta@0.1.1:
    resolution: {integrity: sha512-UZYhobiGAlV4NiwOlKAKbkCyxOl1PPZNvdIdl/Ce5by45vwiyNdBetwHk/AjIpo1Ji9z+eE29PUBAjjfVmz5SA==}
    engines: {node: '>=0.10.0'}
    dependencies:
      ansi-wrap: 0.1.0
    dev: false

  /ansi-bgred@0.1.1:
    resolution: {integrity: sha512-BpPHMnYmRBhcjY5knRWKjQmPDPvYU7wrgBSW34xj7JCH9+a/SEIV7+oSYVOgMFopRIadOz9Qm4zIy+mEBvUOPA==}
    engines: {node: '>=0.10.0'}
    dependencies:
      ansi-wrap: 0.1.0
    dev: false

  /ansi-bgwhite@0.1.1:
    resolution: {integrity: sha512-KIF19t+HOYOorUnHTOhZpeZ3bJsjzStBG2hSGM0WZ8YQQe4c7lj9CtwnucscJDPrNwfdz6GBF+pFkVfvHBq6uw==}
    engines: {node: '>=0.10.0'}
    dependencies:
      ansi-wrap: 0.1.0
    dev: false

  /ansi-bgyellow@0.1.1:
    resolution: {integrity: sha512-WyRoOFSIvOeM7e7YdlSjfAV82Z6K1+VUVbygIQ7C/VGzWYuO/d30F0PG7oXeo4uSvSywR0ozixDQvtXJEorq4Q==}
    engines: {node: '>=0.10.0'}
    dependencies:
      ansi-wrap: 0.1.0
    dev: false

  /ansi-black@0.1.1:
    resolution: {integrity: sha512-hl7re02lWus7lFOUG6zexhoF5gssAfG5whyr/fOWK9hxNjUFLTjhbU/b4UHWOh2dbJu9/STSUv+80uWYzYkbTQ==}
    engines: {node: '>=0.10.0'}
    dependencies:
      ansi-wrap: 0.1.0
    dev: false

  /ansi-blue@0.1.1:
    resolution: {integrity: sha512-8Um59dYNDdQyoczlf49RgWLzYgC2H/28W3JAIyOAU/+WkMcfZmaznm+0i1ikrE0jME6Ypk9CJ9CY2+vxbPs7Fg==}
    engines: {node: '>=0.10.0'}
    dependencies:
      ansi-wrap: 0.1.0
    dev: false

  /ansi-bold@0.1.1:
    resolution: {integrity: sha512-wWKwcViX1E28U6FohtWOP4sHFyArELHJ2p7+3BzbibqJiuISeskq6t7JnrLisUngMF5zMhgmXVw8Equjzz9OlA==}
    engines: {node: '>=0.10.0'}
    dependencies:
      ansi-wrap: 0.1.0
    dev: false

  /ansi-colors@0.2.0:
    resolution: {integrity: sha512-ScRNUT0TovnYw6+Xo3iKh6G+VXDw2Ds7ZRnMIuKBgHY02DgvT2T2K22/tc/916Fi0W/5Z1RzDaHQwnp75hqdbA==}
    engines: {node: '>=0.10.0'}
    dependencies:
      ansi-bgblack: 0.1.1
      ansi-bgblue: 0.1.1
      ansi-bgcyan: 0.1.1
      ansi-bggreen: 0.1.1
      ansi-bgmagenta: 0.1.1
      ansi-bgred: 0.1.1
      ansi-bgwhite: 0.1.1
      ansi-bgyellow: 0.1.1
      ansi-black: 0.1.1
      ansi-blue: 0.1.1
      ansi-bold: 0.1.1
      ansi-cyan: 0.1.1
      ansi-dim: 0.1.1
      ansi-gray: 0.1.1
      ansi-green: 0.1.1
      ansi-grey: 0.1.1
      ansi-hidden: 0.1.1
      ansi-inverse: 0.1.1
      ansi-italic: 0.1.1
      ansi-magenta: 0.1.1
      ansi-red: 0.1.1
      ansi-reset: 0.1.1
      ansi-strikethrough: 0.1.1
      ansi-underline: 0.1.1
      ansi-white: 0.1.1
      ansi-yellow: 0.1.1
      lazy-cache: 2.0.2
    dev: false

  /ansi-cyan@0.1.1:
    resolution: {integrity: sha512-eCjan3AVo/SxZ0/MyIYRtkpxIu/H3xZN7URr1vXVrISxeyz8fUFz0FJziamK4sS8I+t35y4rHg1b2PklyBe/7A==}
    engines: {node: '>=0.10.0'}
    dependencies:
      ansi-wrap: 0.1.0
    dev: false

  /ansi-dim@0.1.1:
    resolution: {integrity: sha512-zAfb1fokXsq4BoZBkL0eK+6MfFctbzX3R4UMcoWrL1n2WHewFKentTvOZv2P11u6P4NtW/V47hVjaN7fJiefOg==}
    engines: {node: '>=0.10.0'}
    dependencies:
      ansi-wrap: 0.1.0
    dev: false

  /ansi-gray@0.1.1:
    resolution: {integrity: sha512-HrgGIZUl8h2EHuZaU9hTR/cU5nhKxpVE1V6kdGsQ8e4zirElJ5fvtfc8N7Q1oq1aatO275i8pUFUCpNWCAnVWw==}
    engines: {node: '>=0.10.0'}
    dependencies:
      ansi-wrap: 0.1.0
    dev: false

  /ansi-green@0.1.1:
    resolution: {integrity: sha512-WJ70OI4jCaMy52vGa/ypFSKFb/TrYNPaQ2xco5nUwE0C5H8piume/uAZNNdXXiMQ6DbRmiE7l8oNBHu05ZKkrw==}
    engines: {node: '>=0.10.0'}
    dependencies:
      ansi-wrap: 0.1.0
    dev: false

  /ansi-grey@0.1.1:
    resolution: {integrity: sha512-+J1nM4lC+whSvf3T4jsp1KR+C63lypb+VkkwtLQMc1Dlt+nOvdZpFT0wwFTYoSlSwCcLUAaOpHF6kPkYpSa24A==}
    engines: {node: '>=0.10.0'}
    dependencies:
      ansi-wrap: 0.1.0
    dev: false

  /ansi-hidden@0.1.1:
    resolution: {integrity: sha512-8gB1bo9ym9qZ/Obvrse1flRsfp2RE+40B23DhQcKxY+GSeaOJblLnzBOxzvmLTWbi5jNON3as7wd9rC0fNK73Q==}
    engines: {node: '>=0.10.0'}
    dependencies:
      ansi-wrap: 0.1.0
    dev: false

  /ansi-inverse@0.1.1:
    resolution: {integrity: sha512-Kq8Z0dBRhQhDMN/Rso1Nu9niwiTsRkJncfJZXiyj7ApbfJrGrrubHXqXI37feJZkYcIx6SlTBdNCeK0OQ6X6ag==}
    engines: {node: '>=0.10.0'}
    dependencies:
      ansi-wrap: 0.1.0
    dev: false

  /ansi-italic@0.1.1:
    resolution: {integrity: sha512-jreCxifSAqbaBvcibeQxcwhQDbEj7gF69XnpA6x83qbECEBaRBD1epqskrmov1z4B+zzQuEdwbWxgzvhKa+PkA==}
    engines: {node: '>=0.10.0'}
    dependencies:
      ansi-wrap: 0.1.0
    dev: false

  /ansi-magenta@0.1.1:
    resolution: {integrity: sha512-A1Giu+HRwyWuiXKyXPw2AhG1yWZjNHWO+5mpt+P+VWYkmGRpLPry0O5gmlJQEvpjNpl4RjFV7DJQ4iozWOmkbQ==}
    engines: {node: '>=0.10.0'}
    dependencies:
      ansi-wrap: 0.1.0
    dev: false

  /ansi-red@0.1.1:
    resolution: {integrity: sha512-ewaIr5y+9CUTGFwZfpECUbFlGcC0GCw1oqR9RI6h1gQCd9Aj2GxSckCnPsVJnmfMZbwFYE+leZGASgkWl06Jow==}
    engines: {node: '>=0.10.0'}
    dependencies:
      ansi-wrap: 0.1.0
    dev: false

  /ansi-regex@3.0.1:
    resolution: {integrity: sha512-+O9Jct8wf++lXxxFc4hc8LsjaSq0HFzzL7cVsw8pRDIPdjKD2mT4ytDZlLuSBZ4cLKZFXIrMGO7DbQCtMJJMKw==}
    engines: {node: '>=4'}
    dev: false

  /ansi-reset@0.1.1:
    resolution: {integrity: sha512-n+D0qD3B+h/lP0dSwXX1SZMoXufdUVotLMwUuvXa50LtBAh3f+WV8b5nFMfLL/hgoPBUt+rG/pqqzF8krlZKcw==}
    engines: {node: '>=0.10.0'}
    dependencies:
      ansi-wrap: 0.1.0
    dev: false

  /ansi-strikethrough@0.1.1:
    resolution: {integrity: sha512-gWkLPDvHH2pC9YEKqp8dIl0mg3sRglMPvioqGDIOXiwxjxUwIJ1gF86E2o4R5yLNh8IAkwHbaMtASkJfkQ2hIA==}
    engines: {node: '>=0.10.0'}
    dependencies:
      ansi-wrap: 0.1.0
    dev: false

  /ansi-underline@0.1.1:
    resolution: {integrity: sha512-D+Bzwio/0/a0Fu5vJzrIT6bFk43TW46vXfSvzysOTEHcXOAUJTVMHWDbELIzGU4AVxVw2rCTb7YyWS4my2cSKQ==}
    engines: {node: '>=0.10.0'}
    dependencies:
      ansi-wrap: 0.1.0
    dev: false

  /ansi-white@0.1.1:
    resolution: {integrity: sha512-DJHaF2SRzBb9wZBgqIJNjjTa7JUJTO98sHeTS1sDopyKKRopL1KpaJ20R6W2f/ZGras8bYyIZDtNwYOVXNgNFg==}
    engines: {node: '>=0.10.0'}
    dependencies:
      ansi-wrap: 0.1.0
    dev: false

  /ansi-wrap@0.1.0:
    resolution: {integrity: sha512-ZyznvL8k/FZeQHr2T6LzcJ/+vBApDnMNZvfVFy3At0knswWd6rJ3/0Hhmpu8oqa6C92npmozs890sX9Dl6q+Qw==}
    engines: {node: '>=0.10.0'}
    dev: false

  /ansi-yellow@0.1.1:
    resolution: {integrity: sha512-6E3D4BQLXHLl3c/NwirWVZ+BCkMq2qsYxdeAGGOijKrx09FaqU+HktFL6QwAwNvgJiMLnv6AQ2C1gFZx0h1CBg==}
    engines: {node: '>=0.10.0'}
    dependencies:
      ansi-wrap: 0.1.0
    dev: false

  /arr-flatten@1.1.0:
    resolution: {integrity: sha512-L3hKV5R/p5o81R7O02IGnwpDmkp6E982XhtbuwSe3O4qOtMMMtodicASA1Cny2U+aCXcNpml+m4dPsvsJ3jatg==}
    engines: {node: '>=0.10.0'}
    dev: false

  /arr-swap@1.0.1:
    resolution: {integrity: sha512-SxBKd/By8+AaREcv/ZhFqmapfpqK4kyaQkUHwmJjlczI5ZtuuT5gofKHlCrSJ4oR7zXezFhv+7zsnLEdg9uGgQ==}
    engines: {node: '>=0.10.0'}
    dependencies:
      is-number: 3.0.0
    dev: false

  /choices-separator@2.0.0:
    resolution: {integrity: sha512-BCKlzRcP2V6X+85TSKn09oGZkO2zK2zytGyZeHvM2s+kv/ydAzJtsc+rZqYRWNlojIBfkOnPxgKXrBefTFZbTQ==}
    engines: {node: '>=0.10.0'}
    dependencies:
      ansi-dim: 0.1.1
      debug: 2.6.9
      strip-color: 0.1.0
    transitivePeerDependencies:
      - supports-color
    dev: false

  /clone-deep@1.0.0:
    resolution: {integrity: sha512-hmJRX8x1QOJVV+GUjOBzi6iauhPqc9hIF6xitWRBbiPZOBb6vGo/mDRIK9P74RTKSQK7AE8B0DDWY/vpRrPmQw==}
    engines: {node: '>=0.10.0'}
    dependencies:
      for-own: 1.0.0
      is-plain-object: 2.0.4
      kind-of: 5.1.0
      shallow-clone: 1.0.0
    dev: false

  /clone-deep@4.0.1:
    resolution: {integrity: sha512-neHB9xuzh/wk0dIHweyAXv2aPGZIVk3pLMe+/RNzINf17fe0OG96QroktYAUm7SM1PBnzTabaLboqqxDyMU+SQ==}
    engines: {node: '>=6'}
    dependencies:
      is-plain-object: 2.0.4
      kind-of: 6.0.3
      shallow-clone: 3.0.1
    dev: false

  /collection-visit@1.0.0:
    resolution: {integrity: sha512-lNkKvzEeMBBjUGHZ+q6z9pSJla0KWAQPvtzhEV9+iGyQYG+pBpl7xKDhxoNSOZH2hhv0v5k0y2yAM4o4SjoSkw==}
    engines: {node: '>=0.10.0'}
    dependencies:
      map-visit: 1.0.0
      object-visit: 1.0.1
    dev: false

  /component-emitter@1.3.0:
    resolution: {integrity: sha512-Rd3se6QB+sO1TwqZjscQrurpEPIfO0/yYnSin6Q/rD3mOutHvUrCAhJub3r90uNb+SESBuE0QYoB90YdfatsRg==}
    dev: false

  /copy-descriptor@0.1.1:
    resolution: {integrity: sha512-XgZ0pFcakEUlbwQEVNg3+QAis1FyTL3Qel9FYy8pSkQqoG3PNoT0bOCQtOXcOkur21r2Eq2kI+IE+gsmAEVlYw==}
    engines: {node: '>=0.10.0'}
    dev: false

  /debug@2.6.9:
    resolution: {integrity: sha512-bC7ElrdJaJnPbAP+1EotYvqZsb3ecl5wi6Bfi6BJTUcNowp6cvspg0jXznRTKDjm/E7AdgFBVeAPVMNcKGsHMA==}
    peerDependencies:
      supports-color: '*'
    peerDependenciesMeta:
      supports-color:
        optional: true
    dependencies:
      ms: 2.0.0
    dev: false

  /debug@3.2.7:
    resolution: {integrity: sha512-CFjzYYAi4ThfiQvizrFQevTTXHtnCqWfe7x1AhgEscTz6ZbLbfoLRLPugTQyBth6f8ZERVUSyWHFD/7Wu4t1XQ==}
    peerDependencies:
      supports-color: '*'
    peerDependenciesMeta:
      supports-color:
        optional: true
    dependencies:
      ms: 2.1.3
    dev: false

  /define-property@0.2.5:
    resolution: {integrity: sha512-Rr7ADjQZenceVOAKop6ALkkRAmH1A4Gx9hV/7ZujPUN2rkATqFO0JZLZInbAjpZYoJ1gUx8MRMQVkYemcbMSTA==}
    engines: {node: '>=0.10.0'}
    dependencies:
      is-descriptor: 0.1.6
    dev: false

  /define-property@1.0.0:
    resolution: {integrity: sha512-cZTYKFWspt9jZsMscWo8sc/5lbPC9Q0N5nBLgb+Yd915iL3udB1uFgS3B8YCx66UVHq018DAVFoee7x+gxggeA==}
    engines: {node: '>=0.10.0'}
    dependencies:
      is-descriptor: 1.0.2
    dev: false

  /define-property@2.0.2:
    resolution: {integrity: sha512-jwK2UV4cnPpbcG7+VRARKTZPUWowwXA8bzH5NP6ud0oeAxyYPuGZUAC7hMugpCdz4BeSZl2Dl9k66CHJ/46ZYQ==}
    engines: {node: '>=0.10.0'}
    dependencies:
      is-descriptor: 1.0.2
      isobject: 3.0.1
    dev: false

  /error-symbol@0.1.0:
    resolution: {integrity: sha512-VyjaKxUmeDX/m2lxm/aknsJ1GWDWUO2Ze2Ad8S1Pb9dykAm9TjSKp5CjrNyltYqZ5W/PO6TInAmO2/BfwMyT1g==}
    engines: {node: '>=0.10.0'}
    dev: false

  /extend-shallow@2.0.1:
    resolution: {integrity: sha512-zCnTtlxNoAiDc3gqY2aYAWFx7XWWiasuF2K8Me5WbN8otHKTUKBwjPtNpRs/rbUZm7KxWAaNj7P1a/p52GbVug==}
    engines: {node: '>=0.10.0'}
    dependencies:
      is-extendable: 0.1.1
    dev: false

  /for-in@0.1.8:
    resolution: {integrity: sha512-F0to7vbBSHP8E3l6dCjxNOLuSFAACIxFy3UehTUlG7svlXi37HHsDkyVcHo0Pq8QwrE+pXvWSVX3ZT1T9wAZ9g==}
    engines: {node: '>=0.10.0'}
    dev: false

  /for-in@1.0.2:
    resolution: {integrity: sha512-7EwmXrOjyL+ChxMhmG5lnW9MPt1aIeZEwKhQzoBUdTV0N3zuwWDZYVJatDvZ2OyzPUvdIAZDsCetk3coyMfcnQ==}
    engines: {node: '>=0.10.0'}
    dev: false

  /for-own@1.0.0:
    resolution: {integrity: sha512-0OABksIGrxKK8K4kynWkQ7y1zounQxP+CWnyclVwj81KW3vlLlGUx57DKGcP/LH216GzqnstnPocF16Nxs0Ycg==}
    engines: {node: '>=0.10.0'}
    dependencies:
      for-in: 1.0.2
    dev: false

  /info-symbol@0.1.0:
    resolution: {integrity: sha512-qkc9wjLDQ+dYYZnY5uJXGNNHyZ0UOMDUnhvy0SEZGVVYmQ5s4i8cPAin2MbU6OxJgi8dfj/AnwqPx0CJE6+Lsw==}
    engines: {node: '>=0.10.0'}
    dev: false

  /is-accessor-descriptor@0.1.6:
    resolution: {integrity: sha512-e1BM1qnDbMRG3ll2U9dSK0UMHuWOs3pY3AtcFsmvwPtKL3MML/Q86i+GilLfvqEs4GW+ExB91tQ3Ig9noDIZ+A==}
    engines: {node: '>=0.10.0'}
    dependencies:
      kind-of: 3.2.2
    dev: false

  /is-accessor-descriptor@1.0.0:
    resolution: {integrity: sha512-m5hnHTkcVsPfqx3AKlyttIPb7J+XykHvJP2B9bZDjlhLIoEq4XoK64Vg7boZlVWYK6LUY94dYPEE7Lh0ZkZKcQ==}
    engines: {node: '>=0.10.0'}
    dependencies:
      kind-of: 6.0.3
    dev: false

  /is-buffer@1.1.6:
    resolution: {integrity: sha512-NcdALwpXkTm5Zvvbk7owOUSvVvBKDgKP5/ewfXEznmQFfs4ZRmanOeKBTjRVjka3QFoN6XJ+9F3USqfHqTaU5w==}
    dev: false

  /is-data-descriptor@0.1.4:
    resolution: {integrity: sha512-+w9D5ulSoBNlmw9OHn3U2v51SyoCd0he+bB3xMl62oijhrspxowjU+AIcDY0N3iEJbUEkB15IlMASQsxYigvXg==}
    engines: {node: '>=0.10.0'}
    dependencies:
      kind-of: 3.2.2
    dev: false

  /is-data-descriptor@1.0.0:
    resolution: {integrity: sha512-jbRXy1FmtAoCjQkVmIVYwuuqDFUbaOeDjmed1tOGPrsMhtJA4rD9tkgA0F1qJ3gRFRXcHYVkdeaP50Q5rE/jLQ==}
    engines: {node: '>=0.10.0'}
    dependencies:
      kind-of: 6.0.3
    dev: false

  /is-descriptor@0.1.6:
    resolution: {integrity: sha512-avDYr0SB3DwO9zsMov0gKCESFYqCnE4hq/4z3TdUlukEy5t9C0YRq7HLrsN52NAcqXKaepeCD0n+B0arnVG3Hg==}
    engines: {node: '>=0.10.0'}
    dependencies:
      is-accessor-descriptor: 0.1.6
      is-data-descriptor: 0.1.4
      kind-of: 5.1.0
    dev: false

  /is-descriptor@1.0.2:
    resolution: {integrity: sha512-2eis5WqQGV7peooDyLmNEPUrps9+SXX5c9pL3xEB+4e9HnGuDa7mB7kHxHw4CbqS9k1T2hOH3miL8n8WtiYVtg==}
    engines: {node: '>=0.10.0'}
    dependencies:
      is-accessor-descriptor: 1.0.0
      is-data-descriptor: 1.0.0
      kind-of: 6.0.3
    dev: false

  /is-extendable@0.1.1:
    resolution: {integrity: sha512-5BMULNob1vgFX6EjQw5izWDxrecWK9AM72rugNr0TFldMOi0fj6Jk+zeKIt0xGj4cEfQIJth4w3OKWOJ4f+AFw==}
    engines: {node: '>=0.10.0'}
    dev: false

  /is-fullwidth-code-point@2.0.0:
    resolution: {integrity: sha512-VHskAKYM8RfSFXwee5t5cbN5PZeq1Wrh6qd5bkyiXIf6UQcN6w/A0eXM9r6t8d+GYOh+o6ZhiEnb88LN/Y8m2w==}
    engines: {node: '>=4'}
    dev: false

  /is-number@3.0.0:
    resolution: {integrity: sha512-4cboCqIpliH+mAvFNegjZQ4kgKc3ZUhQVr3HvWbSh5q3WH2v82ct+T2Y1hdU5Gdtorx/cLifQjqCbL7bpznLTg==}
    engines: {node: '>=0.10.0'}
    dependencies:
      kind-of: 3.2.2
    dev: false

  /is-number@6.0.0:
    resolution: {integrity: sha512-Wu1VHeILBK8KAWJUAiSZQX94GmOE45Rg6/538fKwiloUu21KncEkYGPqob2oSZ5mUT73vLGrHQjKw3KMPwfDzg==}
    engines: {node: '>=0.10.0'}
    dev: false

  /is-plain-object@2.0.4:
    resolution: {integrity: sha512-h5PpgXkWitc38BBMYawTYMWJHFZJVnBquFE57xFpjB8pJFiF6gZ+bU+WyI/yqXiFR5mdLsgYNaPe8uao6Uv9Og==}
    engines: {node: '>=0.10.0'}
    dependencies:
      isobject: 3.0.1
    dev: false

  /is-windows@1.0.2:
    resolution: {integrity: sha512-eXK1UInq2bPmjyX6e3VHIzMLobc4J94i4AWn+Hpq3OU5KkrRC96OAcR3PRJ/pGu6m8TRnBHP9dkXQVsT/COVIA==}
    engines: {node: '>=0.10.0'}
    dev: false

  /isobject@3.0.1:
    resolution: {integrity: sha512-WhB9zCku7EGTj/HQQRz5aUQEUeoQZH2bWcltRErOpymJ4boYE6wL9Tbr23krRPSZ+C5zqNSrSw+Cc7sZZ4b7vg==}
    engines: {node: '>=0.10.0'}
    dev: false

  /kind-of@3.2.2:
    resolution: {integrity: sha512-NOW9QQXMoZGg/oqnVNoNTTIFEIid1627WCffUBJEdMxYApq7mNE7CpzucIPc+ZQg25Phej7IJSmX3hO+oblOtQ==}
    engines: {node: '>=0.10.0'}
    dependencies:
      is-buffer: 1.1.6
    dev: false

  /kind-of@5.1.0:
    resolution: {integrity: sha512-NGEErnH6F2vUuXDh+OlbcKW7/wOcfdRHaZ7VWtqCztfHri/++YKmP51OdWeGPuqCOba6kk2OTe5d02VmTB80Pw==}
    engines: {node: '>=0.10.0'}
    dev: false

  /kind-of@6.0.3:
    resolution: {integrity: sha512-dcS1ul+9tmeD95T+x28/ehLgd9mENa3LsvDTtzm3vyBEO7RPptvAD+t44WVXaUjTBRcrpFeFlC8WCruUR456hw==}
    engines: {node: '>=0.10.0'}
    dev: false

  /koalas@1.0.2:
    resolution: {integrity: sha512-RYhBbYaTTTHId3l6fnMZc3eGQNW6FVCqMG6AMwA5I1Mafr6AflaXeoi6x3xQuATRotGYRLk6+1ELZH4dstFNOA==}
    engines: {node: '>=0.10.0'}
    dev: false

  /lazy-cache@2.0.2:
    resolution: {integrity: sha512-7vp2Acd2+Kz4XkzxGxaB1FWOi8KjWIWsgdfD5MCb86DWvlLqhRPM+d6Pro3iNEL5VT9mstz5hKAlcd+QR6H3aA==}
    engines: {node: '>=0.10.0'}
    dependencies:
      set-getter: 0.1.1
    dev: false

  /log-ok@0.1.1:
    resolution: {integrity: sha512-cc8VrkS6C+9TFuYAwuHpshrcrGRAv7d0tUJ0GdM72ZBlKXtlgjUZF84O+OhQUdiVHoF7U/nVxwpjOdwUJ8d3Vg==}
    engines: {node: '>=0.10.0'}
    dependencies:
      ansi-green: 0.1.1
      success-symbol: 0.1.0
    dev: false

  /log-utils@0.2.1:
    resolution: {integrity: sha512-udyegKoMz9eGfpKAX//Khy7sVAZ8b1F7oLDnepZv/1/y8xTvsyPgqQrM94eG8V0vcc2BieYI2kVW4+aa6m+8Qw==}
    engines: {node: '>=0.10.0'}
    dependencies:
      ansi-colors: 0.2.0
      error-symbol: 0.1.0
      info-symbol: 0.1.0
      log-ok: 0.1.1
      success-symbol: 0.1.0
      time-stamp: 1.1.0
      warning-symbol: 0.1.0
    dev: false

  /map-visit@1.0.0:
    resolution: {integrity: sha512-4y7uGv8bd2WdM9vpQsiQNo41Ln1NvhvDRuVt0k2JZQ+ezN2uaQes7lZeZ+QQUHOLQAtDaBJ+7wCbi+ab/KFs+w==}
    engines: {node: '>=0.10.0'}
    dependencies:
      object-visit: 1.0.1
    dev: false

  /mixin-object@2.0.1:
    resolution: {integrity: sha512-ALGF1Jt9ouehcaXaHhn6t1yGWRqGaHkPFndtFVHfZXOvkIZ/yoGaSi0AHVTafb3ZBGg4dr/bDwnaEKqCXzchMA==}
    engines: {node: '>=0.10.0'}
    dependencies:
      for-in: 0.1.8
      is-extendable: 0.1.1
    dev: false

  /ms@2.0.0:
    resolution: {integrity: sha512-Tpp60P6IUJDTuOq/5Z8cdskzJujfwqfOTkrwIwj7IRISpnkJnT6SyJ4PCPnGMoFjC9ddhal5KVIYtAt97ix05A==}
    dev: false

  /ms@2.1.3:
    resolution: {integrity: sha512-6FlzubTLZG3J2a/NVCAleEhjzq5oxgHyaCU9yYXvcLsvoVaHJq/s5xXI6/XXP6tz7R9xAOtHnSO/tXtF3WRTlA==}
    dev: false

  /mute-stream@0.0.7:
    resolution: {integrity: sha512-r65nCZhrbXXb6dXOACihYApHw2Q6pV0M3V0PSxd74N0+D8nzAdEAITq2oAjA1jVnKI+tGvEBUpqiMh0+rW6zDQ==}
    dev: false

  /object-copy@0.1.0:
    resolution: {integrity: sha512-79LYn6VAb63zgtmAteVOWo9Vdj71ZVBy3Pbse+VqxDpEP83XuujMrGqHIwAXJ5I/aM0zU7dIyIAhifVTPrNItQ==}
    engines: {node: '>=0.10.0'}
    dependencies:
      copy-descriptor: 0.1.1
      define-property: 0.2.5
      kind-of: 3.2.2
    dev: false

  /object-visit@1.0.1:
    resolution: {integrity: sha512-GBaMwwAVK9qbQN3Scdo0OyvgPW7l3lnaVMj84uTOZlswkX0KpF6fyDBJhtTthf7pymztoN36/KEr1DyhF96zEA==}
    engines: {node: '>=0.10.0'}
    dependencies:
      isobject: 3.0.1
    dev: false

  /pointer-symbol@1.0.0:
    resolution: {integrity: sha512-pozTTFO3kG9HQWXCSTJkCgq4fBF8lUQf+5bLddTEW6v4zdjQhcBVfLmKzABEMJMA7s8jhzi0sgANIwdrf4kq+A==}
    engines: {node: '>=4'}
    dev: false

  /prompt-actions@3.0.2:
    resolution: {integrity: sha512-dhz2Fl7vK+LPpmnQ/S/eSut4BnH4NZDLyddHKi5uTU/2PDn3grEMGkgsll16V5RpVUh/yxdiam0xsM0RD4xvtg==}
    engines: {node: '>=4'}
    dependencies:
      debug: 2.6.9
    transitivePeerDependencies:
      - supports-color
    dev: false

  /prompt-base@4.1.0:
    resolution: {integrity: sha512-svGzgLUKZoqomz9SGMkf1hBG8Wl3K7JGuRCXc/Pv7xw8239hhaTBXrmjt7EXA9P/QZzdyT8uNWt9F/iJTXq75g==}
    engines: {node: '>=5.0'}
    dependencies:
      component-emitter: 1.3.0
      debug: 3.2.7
      koalas: 1.0.2
      log-utils: 0.2.1
      prompt-actions: 3.0.2
      prompt-question: 5.0.2
      readline-ui: 2.2.3
      readline-utils: 2.2.3
      static-extend: 0.1.2
    transitivePeerDependencies:
      - supports-color
    dev: false

  /prompt-choices@4.1.0:
    resolution: {integrity: sha512-ZNYLv6rW9z9n0WdwCkEuS+w5nUAGzRgtRt6GQ5aFNFz6MIcU7nHFlHOwZtzy7RQBk80KzUGPSRQphvMiQzB8pg==}
    engines: {node: '>=4.0.0'}
    dependencies:
      arr-flatten: 1.1.0
      arr-swap: 1.0.1
      choices-separator: 2.0.0
      clone-deep: 4.0.1
      collection-visit: 1.0.0
      define-property: 2.0.2
      is-number: 6.0.0
      kind-of: 6.0.3
      koalas: 1.0.2
      log-utils: 0.2.1
      pointer-symbol: 1.0.0
      radio-symbol: 2.0.0
      set-value: 3.0.3
      strip-color: 0.1.0
      terminal-paginator: 2.0.2
      toggle-array: 1.0.1
    transitivePeerDependencies:
      - supports-color
    dev: false

  /prompt-confirm@2.0.4:
    resolution: {integrity: sha512-X5lzbC8/kMNHdPOqQPfMKpH4VV2f7v2OTRJoN69ZYBirSwTeQaf9ZhmzPEO9ybMA0YV2Pha5MV27u2/U4ahWfg==}
    engines: {node: '>=6.0'}
    dependencies:
      ansi-cyan: 0.1.1
      prompt-base: 4.1.0
    transitivePeerDependencies:
      - supports-color
    dev: false

  /prompt-question@5.0.2:
    resolution: {integrity: sha512-wreaLbbu8f5+7zXds199uiT11Ojp59Z4iBi6hONlSLtsKGTvL2UY8VglcxQ3t/X4qWIxsNCg6aT4O8keO65v6Q==}
    engines: {node: '>=4.0.0'}
    dependencies:
      clone-deep: 1.0.0
      debug: 3.2.7
      define-property: 1.0.0
      isobject: 3.0.1
      kind-of: 5.1.0
      koalas: 1.0.2
      prompt-choices: 4.1.0
    transitivePeerDependencies:
      - supports-color
    dev: false

  /radio-symbol@2.0.0:
    resolution: {integrity: sha512-fpuWhwGD4XG1BfUWKXhCqdguCXzGi/DDb6RzmAGZo9R75enjlx0l+ZhHF93KNG7iNpT0Vi7wEqbf8ZErbe+JtQ==}
    engines: {node: '>=0.10.0'}
    dependencies:
      ansi-gray: 0.1.1
      ansi-green: 0.1.1
      is-windows: 1.0.2
    dev: false

  /readline-ui@2.2.3:
    resolution: {integrity: sha512-ix7jz0PxqQqcIuq3yQTHv1TOhlD2IHO74aNO+lSuXsRYm1d+pdyup1yF3zKyLK1wWZrVNGjkzw5tUegO2IDy+A==}
    engines: {node: '>=4.0'}
    dependencies:
      component-emitter: 1.3.0
      debug: 2.6.9
      readline-utils: 2.2.3
      string-width: 2.1.1
    transitivePeerDependencies:
      - supports-color
    dev: false

  /readline-utils@2.2.3:
    resolution: {integrity: sha512-cjFo7R7e7AaFOz2JLQ4EgsHh4+l7mw29Eu3DAEPgGeWbYQFKqyxWsL61/McC6b2oJAvn14Ea8eUms9o8ZFC1iQ==}
    engines: {node: '>=4.0'}
    dependencies:
      arr-flatten: 1.1.0
      extend-shallow: 2.0.1
      is-buffer: 1.1.6
      is-number: 3.0.0
      is-windows: 1.0.2
      koalas: 1.0.2
      mute-stream: 0.0.7
      strip-color: 0.1.0
      window-size: 1.1.1
    dev: false

  /set-getter@0.1.1:
    resolution: {integrity: sha512-9sVWOy+gthr+0G9DzqqLaYNA7+5OKkSmcqjL9cBpDEaZrr3ShQlyX2cZ/O/ozE41oxn/Tt0LGEM/w4Rub3A3gw==}
    engines: {node: '>=0.10.0'}
    dependencies:
      to-object-path: 0.3.0
    dev: false

  /set-value@3.0.3:
    resolution: {integrity: sha512-Xsn/XSatoVOGBbp5hs3UylFDs5Bi9i+ArpVJKdHPniZHoEgRniXTqHWrWrGQ0PbEClVT6WtfnBwR8CAHC9sveg==}
    engines: {node: '>=6.0'}
    dependencies:
      is-plain-object: 2.0.4
    dev: false

  /shallow-clone@1.0.0:
    resolution: {integrity: sha512-oeXreoKR/SyNJtRJMAKPDSvd28OqEwG4eR/xc856cRGBII7gX9lvAqDxusPm0846z/w/hWYjI1NpKwJ00NHzRA==}
    engines: {node: '>=0.10.0'}
    dependencies:
      is-extendable: 0.1.1
      kind-of: 5.1.0
      mixin-object: 2.0.1
    dev: false

  /shallow-clone@3.0.1:
    resolution: {integrity: sha512-/6KqX+GVUdqPuPPd2LxDDxzX6CAbjJehAAOKlNpqqUpAqPM6HeL8f+o3a+JsyGjn2lv0WY8UsTgUJjU9Ok55NA==}
    engines: {node: '>=8'}
    dependencies:
      kind-of: 6.0.3
    dev: false

  /static-extend@0.1.2:
    resolution: {integrity: sha512-72E9+uLc27Mt718pMHt9VMNiAL4LMsmDbBva8mxWUCkT07fSzEGMYUCk0XWY6lp0j6RBAG4cJ3mWuZv2OE3s0g==}
    engines: {node: '>=0.10.0'}
    dependencies:
      define-property: 0.2.5
      object-copy: 0.1.0
    dev: false

  /string-width@2.1.1:
    resolution: {integrity: sha512-nOqH59deCq9SRHlxq1Aw85Jnt4w6KvLKqWVik6oA9ZklXLNIOlqg4F2yrT1MVaTjAqvVwdfeZ7w7aCvJD7ugkw==}
    engines: {node: '>=4'}
    dependencies:
      is-fullwidth-code-point: 2.0.0
      strip-ansi: 4.0.0
    dev: false

  /strip-ansi@4.0.0:
    resolution: {integrity: sha512-4XaJ2zQdCzROZDivEVIDPkcQn8LMFSa8kj8Gxb/Lnwzv9A8VctNZ+lfivC/sV3ivW8ElJTERXZoPBRrZKkNKow==}
    engines: {node: '>=4'}
    dependencies:
      ansi-regex: 3.0.1
    dev: false

  /strip-color@0.1.0:
    resolution: {integrity: sha512-p9LsUieSjWNNAxVCXLeilaDlmuUOrDS5/dF9znM1nZc7EGX5+zEFC0bEevsNIaldjlks+2jns5Siz6F9iK6jwA==}
    engines: {node: '>=0.10.0'}
    dev: false

  /success-symbol@0.1.0:
    resolution: {integrity: sha512-7S6uOTxPklNGxOSbDIg4KlVLBQw1UiGVyfCUYgYxrZUKRblUkmGj7r8xlfQoFudvqLv6Ap5gd76/IIFfI9JG2A==}
    engines: {node: '>=0.10.0'}
    dev: false

  /terminal-paginator@2.0.2:
    resolution: {integrity: sha512-IZMT5ECF9p4s+sNCV8uvZSW9E1+9zy9Ji9xz2oee8Jfo7hUFpauyjxkhfRcIH6Lu3Wdepv5D1kVRc8Hx74/LfQ==}
    engines: {node: '>=0.10.0'}
    dependencies:
      debug: 2.6.9
      extend-shallow: 2.0.1
      log-utils: 0.2.1
    transitivePeerDependencies:
      - supports-color
    dev: false

  /time-stamp@1.1.0:
    resolution: {integrity: sha512-gLCeArryy2yNTRzTGKbZbloctj64jkZ57hj5zdraXue6aFgd6PmvVtEyiUU+hvU0v7q08oVv8r8ev0tRo6bvgw==}
    engines: {node: '>=0.10.0'}
    dev: false

  /to-object-path@0.3.0:
    resolution: {integrity: sha512-9mWHdnGRuh3onocaHzukyvCZhzvr6tiflAy/JRFXcJX0TjgfWA9pk9t8CMbzmBE4Jfw58pXbkngtBtqYxzNEyg==}
    engines: {node: '>=0.10.0'}
    dependencies:
      kind-of: 3.2.2
    dev: false

  /toggle-array@1.0.1:
    resolution: {integrity: sha512-TZXgboKpD5Iu0Goi8hRXuJpE06Pbo+bies4I4jnTBhlRRgyen9c37nMylnquK/ZPKXXOeh1mJ14p9QdKp+9v7A==}
    engines: {node: '>=0.10.0'}
    dependencies:
      isobject: 3.0.1
    dev: false

  /warning-symbol@0.1.0:
    resolution: {integrity: sha512-1S0lwbHo3kNUKA4VomBAhqn4DPjQkIKSdbOin5K7EFUQNwyIKx+wZMGXKI53RUjla8V2B8ouQduUlgtx8LoSMw==}
    engines: {node: '>=0.10.0'}
    dev: false

  /window-size@1.1.1:
    resolution: {integrity: sha512-5D/9vujkmVQ7pSmc0SCBmHXbkv6eaHwXEx65MywhmUMsI8sGqJ972APq1lotfcwMKPFLuCFfL8xGHLIp7jaBmA==}
    engines: {node: '>= 0.10.0'}
    hasBin: true
    dependencies:
      define-property: 1.0.0
      is-number: 3.0.0
    dev: false
